
Microsoft Visual Studio Solution File, Format Version 12.00
# Visual Studio 15
VisualStudioVersion = 15.0.28307.421
MinimumVisualStudioVersion = 10.0.40219.1
Project("{FAE04EC0-301F-11D3-BF4B-00C04F79EFBC}") = "LookingGlass", "LookingGlass\LookingGlass.csproj", "{96341936-D923-40AD-B47A-19C654783E74}"
EndProject
Global
	GlobalSection(SolutionConfigurationPlatforms) = preSolution
		Debug|Any CPU = Debug|Any CPU
		Release|Any CPU = Release|Any CPU
	EndGlobalSection
	GlobalSection(ProjectConfigurationPlatforms) = postSolution
		{96341936-D923-40AD-B47A-19C654783E74}.Debug|Any CPU.ActiveCfg = Debug|Any CPU
		{96341936-D923-40AD-B47A-19C654783E74}.Debug|Any CPU.Build.0 = Debug|Any CPU
		{96341936-D923-40AD-B47A-19C654783E74}.Release|Any CPU.ActiveCfg = Release|Any CPU
		{96341936-D923-40AD-B47A-19C654783E74}.Release|Any CPU.Build.0 = Release|Any CPU
	EndGlobalSection
	GlobalSection(SolutionProperties) = preSolution
		HideSolutionNode = FALSE
	EndGlobalSection
	GlobalSection(ExtensibilityGlobals) = postSolution
		SolutionGuid = {3EC40283-9D71-412B-8F74-DB48FBDF1050}
	EndGlobalSection
EndGlobal
